PODS:
  - BOString (0.0.9)
  - MagicalRecord (2.3.0)
  - Masonry (0.6.2)
  - ReactiveCocoa (2.5):
    - ReactiveCocoa/UI (= 2.5)
  - ReactiveCocoa/Core (2.5):
    - ReactiveCocoa/no-arc
  - ReactiveCocoa/no-arc (2.5)
  - ReactiveCocoa/UI (2.5):
    - ReactiveCocoa/Core
  - UITextView+Placeholder (1.1.0)

DEPENDENCIES:
  - BOString
  - MagicalRecord
  - Masonry
  - ReactiveCocoa (= 2.5)
  - UITextView+Placeholder

SPEC CHECKSUMS:
  BOString: c896f83b514996bbe874c0a3afd61f4c6764e0ed
  MagicalRecord: 89eb7d7ead39fb37f01c3d010665ee94d17f8dba
  Masonry: 362e8a1cc0beada4a4c4832d5e863da2a51533be
  ReactiveCocoa: e2db045570aa97c695e7aa97c2bcab222ae51f4a
  UITextView+Placeholder: 672ce543356b5b5787f354415bc3b132d47f0362

COCOAPODS: 0.38.2
